# @generated - this file is auto-generated by `mise lock` https://mise.jdx.dev/dev-tools/mise-lock.html

lockfile_version = 1

[[tools.bun]]
version = "1.4.2"
backend = "core:bun"
specifiers = ["latest"]

[tools.bun."platforms.linux-arm64"]
checksum = "sha256:54328bbc2d9c8e0c9f892c544d66c57a83b84139e34909e5ee81758f1ac8fda7"
url = "https://github.com/oven-sh/bun/releases/download/bun-v1.4.2/bun-linux-aarch64.zip"

[tools.bun."platforms.linux-arm64-musl"]
checksum = "sha256:71760b6c8ea30623b81a4907cb815d48e2ea266f2e73e751534a44a0607950df"
url = "https://github.com/oven-sh/bun/releases/download/bun-v1.4.2/bun-linux-aarch64-musl.zip"

[tools.bun."platforms.linux-x64"]
checksum = "sha256:36368faef7527875d5ffa52e53cd48021741f2a83eb6208a8dd64068d422a913"
url = "https://github.com/oven-sh/bun/releases/download/bun-v1.4.2/bun-linux-x64.zip"

[tools.bun."platforms.linux-x64-baseline"]
checksum = "sha256:c678040f14fe0440eb839d37cbd0ce4c051a32da72806ac97de6a6aab6bf728f"
url = "https://github.com/oven-sh/bun/releases/download/bun-v1.4.2/bun-linux-x64-baseline.zip"

[tools.bun."platforms.linux-x64-musl"]
checksum = "sha256:4835eca59d6da70f4674f5642f6e459dcadab773695b2ed9922d131057989742"
url = "https://github.com/oven-sh/bun/releases/download/bun-v1.4.2/bun-linux-x64-musl.zip"

[tools.bun."platforms.linux-x64-musl-baseline"]
checksum = "sha256:76e1db84e98f22f78de0a87e309bfbbf297732847f9720db36750646c85c8c18"
url = "https://github.com/oven-sh/bun/releases/download/bun-v1.4.2/bun-linux-x64-musl-baseline.zip"

[tools.bun."platforms.macos-arm64"]
checksum = "sha256:90987a3a16d7db556d886ac3d551e7b6d3edf0a1cf43acaed622e8676be1d12f"
url = "https://github.com/oven-sh/bun/releases/download/bun-v1.4.2/bun-darwin-aarch64.zip"

[tools.bun."platforms.macos-x64"]
checksum = "sha256:80520d7e17526308c9185d261679ac6d27798d3803a0e9f7ff9121ab8affb012"
url = "https://github.com/oven-sh/bun/releases/download/bun-v1.4.2/bun-darwin-x64.zip"

[tools.bun."platforms.macos-x64-baseline"]
checksum = "sha256:bad5bbd6cf14d0980d115f5954c9ff904df619d5e994d2da1ffccd3f316300b0"
url = "https://github.com/oven-sh/bun/releases/download/bun-v1.4.2/bun-darwin-x64-baseline.zip"

[tools.bun."platforms.windows-x64"]
checksum = "sha256:ce4c17497b2f29712a99d3d53f028de28cd42e3bacb8589599e7f000e49b6405"
url = "https://github.com/oven-sh/bun/releases/download/bun-v1.4.2/bun-windows-x64.zip"

[tools.bun."platforms.windows-x64-baseline"]
checksum = "sha256:78c221c2376f79731ccf4e4af0b3bb46d81fefa3296c5abee09ad8a1b21e68c6"
url = "https://github.com/oven-sh/bun/releases/download/bun-v1.4.2/bun-windows-x64-baseline.zip"

[[tools.hk]]
version = "2.0.1"
backend = "aqua:jdx/hk"
specifiers = ["latest"]

[tools.hk."platforms.linux-arm64"]
checksum = "sha256:8a28f2737914bbffa8dd16f39a2fc65d85e9a52261789cf6a1affd6c6762fbc1"
url = "https://github.com/jdx/hk/releases/download/v2.0.1/hk-aarch64-unknown-linux-gnu.tar.gz"
url_api = "https://api.github.com/repos/jdx/hk/releases/assets/566307878"

[tools.hk."platforms.linux-arm64-musl"]
checksum = "sha256:b75f54bf8a3679a13a01d250959ae77fab033ca5025eb557b76442c59efa8eb8"
url = "https://github.com/jdx/hk/releases/download/v2.0.1/hk-aarch64-unknown-linux-musl.tar.gz"
url_api = "https://api.github.com/repos/jdx/hk/releases/assets/566307875"

[tools.hk."platforms.linux-x64"]
checksum = "sha256:f14d0290a07f82911f32ea5e4a91dd80d90abb852488912b1ade9b240f70d615"
url = "https://github.com/jdx/hk/releases/download/v2.0.1/hk-x86_64-unknown-linux-gnu.tar.gz"
url_api = "https://api.github.com/repos/jdx/hk/releases/assets/566307905"

[tools.hk."platforms.linux-x64-baseline"]
checksum = "sha256:f14d0290a07f82911f32ea5e4a91dd80d90abb852488912b1ade9b240f70d615"
url = "https://github.com/jdx/hk/releases/download/v2.0.1/hk-x86_64-unknown-linux-gnu.tar.gz"
url_api = "https://api.github.com/repos/jdx/hk/releases/assets/566307905"

[tools.hk."platforms.linux-x64-musl"]
checksum = "sha256:76269248e27114f361d533551ffca757e58a1d4abe880fd008df16d19128ea97"
url = "https://github.com/jdx/hk/releases/download/v2.0.1/hk-x86_64-unknown-linux-musl.tar.gz"
url_api = "https://api.github.com/repos/jdx/hk/releases/assets/566307913"

[tools.hk."platforms.linux-x64-musl-baseline"]
checksum = "sha256:76269248e27114f361d533551ffca757e58a1d4abe880fd008df16d19128ea97"
url = "https://github.com/jdx/hk/releases/download/v2.0.1/hk-x86_64-unknown-linux-musl.tar.gz"
url_api = "https://api.github.com/repos/jdx/hk/releases/assets/566307913"

[tools.hk."platforms.macos-arm64"]
checksum = "sha256:6ec393f898f562f76c4839a910356b4afec6740eff23f18ebdf8cf41c793a461"
url = "https://github.com/jdx/hk/releases/download/v2.0.1/hk-aarch64-apple-darwin.tar.gz"
url_api = "https://api.github.com/repos/jdx/hk/releases/assets/566307879"

[tools.hk."platforms.windows-x64"]
checksum = "sha256:b3cb8ab5958393faacefabfb3a402060eb256b1fda8e1f83c74c3fc877ebff8f"
url = "https://github.com/jdx/hk/releases/download/v2.0.1/hk-x86_64-pc-windows-msvc.zip"
url_api = "https://api.github.com/repos/jdx/hk/releases/assets/566307877"

[tools.hk."platforms.windows-x64-baseline"]
checksum = "sha256:b3cb8ab5958393faacefabfb3a402060eb256b1fda8e1f83c74c3fc877ebff8f"
url = "https://github.com/jdx/hk/releases/download/v2.0.1/hk-x86_64-pc-windows-msvc.zip"
url_api = "https://api.github.com/repos/jdx/hk/releases/assets/566307877"

[[tools.oxfmt]]
version = "0.68.0"
aube = { path = ".mise/locks/oxfmt/0.68.0", digest = "sha256:77b5f0babfeae0bf16bc5f66996d6554cbb5ab2b6c30ae27db057f3b5f111355" }
backend = "npm:oxfmt"
specifiers = ["latest"]

[[tools.oxlint]]
version = "1.83.0"
backend = "aqua:oxc-project/oxc/oxlint"
specifiers = ["latest"]

[tools.oxlint."platforms.linux-arm64"]
checksum = "sha256:612b6f36ff61a19a604bf2a51f7d1a9528c3cbbb73eccb43a07e55d89ca19d8b"
url = "https://github.com/oxc-project/oxc/releases/download/apps_v1.83.0/oxlint-aarch64-unknown-linux-gnu.tar.gz"
url_api = "https://api.github.com/repos/oxc-project/oxc/releases/assets/563328347"

[tools.oxlint."platforms.linux-arm64-musl"]
checksum = "sha256:7cf2a30ddf88ff337ecf7e5f50b7718e5eed6295daf32e9f42f211520cc0b287"
url = "https://github.com/oxc-project/oxc/releases/download/apps_v1.83.0/oxlint-aarch64-unknown-linux-musl.tar.gz"
url_api = "https://api.github.com/repos/oxc-project/oxc/releases/assets/563328352"

[tools.oxlint."platforms.linux-x64"]
checksum = "sha256:4995c0f6a55ed8aa611a7c5461dd4d61cdc41ce767d6d92aae665d135b50e5a1"
url = "https://github.com/oxc-project/oxc/releases/download/apps_v1.83.0/oxlint-x86_64-unknown-linux-gnu.tar.gz"
url_api = "https://api.github.com/repos/oxc-project/oxc/releases/assets/563328410"

[tools.oxlint."platforms.linux-x64-baseline"]
checksum = "sha256:4995c0f6a55ed8aa611a7c5461dd4d61cdc41ce767d6d92aae665d135b50e5a1"
url = "https://github.com/oxc-project/oxc/releases/download/apps_v1.83.0/oxlint-x86_64-unknown-linux-gnu.tar.gz"
url_api = "https://api.github.com/repos/oxc-project/oxc/releases/assets/563328410"

[tools.oxlint."platforms.linux-x64-musl"]
checksum = "sha256:ffb6b0de929cf5628aee19973208f3a52fd17c1dddae6577436b09d8fc12ecd2"
url = "https://github.com/oxc-project/oxc/releases/download/apps_v1.83.0/oxlint-x86_64-unknown-linux-musl.tar.gz"
url_api = "https://api.github.com/repos/oxc-project/oxc/releases/assets/563328416"

[tools.oxlint."platforms.linux-x64-musl-baseline"]
checksum = "sha256:ffb6b0de929cf5628aee19973208f3a52fd17c1dddae6577436b09d8fc12ecd2"
url = "https://github.com/oxc-project/oxc/releases/download/apps_v1.83.0/oxlint-x86_64-unknown-linux-musl.tar.gz"
url_api = "https://api.github.com/repos/oxc-project/oxc/releases/assets/563328416"

[tools.oxlint."platforms.macos-arm64"]
checksum = "sha256:18021b3bc2557e1cb9bb912ff7ae730d877f3e2ba1e06f98c75a979e5fa3a97e"
url = "https://github.com/oxc-project/oxc/releases/download/apps_v1.83.0/oxlint-aarch64-apple-darwin.tar.gz"
url_api = "https://api.github.com/repos/oxc-project/oxc/releases/assets/563328337"

[tools.oxlint."platforms.macos-x64"]
checksum = "sha256:ac0289dae46ff03414be668c79c0d4d36cf0db617adf4a1983083789d9d70367"
url = "https://github.com/oxc-project/oxc/releases/download/apps_v1.83.0/oxlint-x86_64-apple-darwin.tar.gz"
url_api = "https://api.github.com/repos/oxc-project/oxc/releases/assets/563328394"

[tools.oxlint."platforms.macos-x64-baseline"]
checksum = "sha256:ac0289dae46ff03414be668c79c0d4d36cf0db617adf4a1983083789d9d70367"
url = "https://github.com/oxc-project/oxc/releases/download/apps_v1.83.0/oxlint-x86_64-apple-darwin.tar.gz"
url_api = "https://api.github.com/repos/oxc-project/oxc/releases/assets/563328394"

[tools.oxlint."platforms.windows-x64"]
checksum = "sha256:42deff7e157277f812365886eba1a7f37e19998341f7713de9a0451e9534e5f5"
url = "https://github.com/oxc-project/oxc/releases/download/apps_v1.83.0/oxlint-x86_64-pc-windows-msvc.zip"
url_api = "https://api.github.com/repos/oxc-project/oxc/releases/assets/563328400"

[tools.oxlint."platforms.windows-x64-baseline"]
checksum = "sha256:42deff7e157277f812365886eba1a7f37e19998341f7713de9a0451e9534e5f5"
url = "https://github.com/oxc-project/oxc/releases/download/apps_v1.83.0/oxlint-x86_64-pc-windows-msvc.zip"
url_api = "https://api.github.com/repos/oxc-project/oxc/releases/assets/563328400"
